<?xml version="1.0" encoding="utf-8"?>
<Project ToolsVersion="4.0" xmlns="http://schemas.microsoft.com/developer/msbuild/2003">
  <ItemGroup>
    <Filter Include="Albedo">
      <UniqueIdentifier>{2C2458A7-18C6-827D-0181-96D1EDC109CE}</UniqueIdentifier>
    </Filter>
  </ItemGroup>
  <ItemGroup>
    <ClInclude Include="src\Albedo.h" />
    <ClInclude Include="src\Albedo\Application.h">
      <Filter>Albedo</Filter>
    </ClInclude>
    <ClInclude Include="src\Albedo\Core.h">
      <Filter>Albedo</Filter>
    </ClInclude>
    <ClInclude Include="src\Albedo\EntryPoint.h">
      <Filter>Albedo</Filter>
    </ClInclude>
    <ClInclude Include="src\Albedo\Log.h">
      <Filter>Albedo</Filter>
    </ClInclude>
    <ClInclude Include="src\Albedo\Events\Event.h" />
    <ClInclude Include="src\Albedo\Events\MouseEvent.h" />
    <ClInclude Include="src\Albedo\Events\KeyEvent.h" />
    <ClInclude Include="src\Albedo\Events\ApplicationEvent.h" />
  </ItemGroup>
  <ItemGroup>
    <ClCompile Include="src\Albedo\Application.cpp">
      <Filter>Albedo</Filter>
    </ClCompile>
    <ClCompile Include="src\Albedo\Log.cpp">
      <Filter>Albedo</Filter>
    </ClCompile>
  </ItemGroup>
</Project>